
Microsoft Visual Studio Solution File, Format Version 12.00
Project("{FAE04EC0-301F-11D3-BF4B-00C04F79EFBC}") = "lab4", "lab4.csproj", "{50023556-BBC1-4320-8AFA-35430B0A8DDB}"
EndProject
Global
	GlobalSection(SolutionConfigurationPlatforms) = preSolution
		Debug|Any CPU = Debug|Any CPU
		Release|Any CPU = Release|Any CPU
	EndGlobalSection
	GlobalSection(ProjectConfigurationPlatforms) = postSolution
		{50023556-BBC1-4320-8AFA-35430B0A8DDB}.Debug|Any CPU.ActiveCfg = Debug|Any CPU
		{50023556-BBC1-4320-8AFA-35430B0A8DDB}.Debug|Any CPU.Build.0 = Debug|Any CPU
		{50023556-BBC1-4320-8AFA-35430B0A8DDB}.Release|Any CPU.ActiveCfg = Release|Any CPU
		{50023556-BBC1-4320-8AFA-35430B0A8DDB}.Release|Any CPU.Build.0 = Release|Any CPU
	EndGlobalSection
EndGlobal
